
Microsoft Visual Studio Solution File, Format Version 12.00
# Visual Studio Version 17
VisualStudioVersion = 17.13.35919.96
MinimumVisualStudioVersion = 10.0.40219.1
Project("{FAE04EC0-301F-11D3-BF4B-00C04F79EFBC}") = "JsonDatabase", "JsonDatabase\JsonDatabase.csproj", "{678A3A9E-32E2-4FDC-A504-E61C190E7232}"
EndProject
Project("{FAE04EC0-301F-11D3-BF4B-00C04F79EFBC}") = "SerializationDatabase", "SerializationDatabase\SerializationDatabase.csproj", "{9E533F32-D76B-416A-AF4C-4F0043B0E839}"
EndProject
Project("{FAE04EC0-301F-11D3-BF4B-00C04F79EFBC}") = "MainComponents", "MainComponents\MainComponents.csproj", "{63094A75-DF0F-4B93-ADC4-F96DA9D40AC1}"
EndProject
Project("{FAE04EC0-301F-11D3-BF4B-00C04F79EFBC}") = "ConsoleUserInterface", "ConsoleUserInterface\ConsoleUserInterface.csproj", "{F02C71B1-82AA-8A93-4A14-F1244C0E1B1D}"
EndProject
Global
	GlobalSection(SolutionConfigurationPlatforms) = preSolution
		Debug|Any CPU = Debug|Any CPU
		Release|Any CPU = Release|Any CPU
	EndGlobalSection
	GlobalSection(ProjectConfigurationPlatforms) = postSolution
		{678A3A9E-32E2-4FDC-A504-E61C190E7232}.Debug|Any CPU.ActiveCfg = Debug|Any CPU
		{678A3A9E-32E2-4FDC-A504-E61C190E7232}.Debug|Any CPU.Build.0 = Debug|Any CPU
		{678A3A9E-32E2-4FDC-A504-E61C190E7232}.Release|Any CPU.ActiveCfg = Release|Any CPU
		{678A3A9E-32E2-4FDC-A504-E61C190E7232}.Release|Any CPU.Build.0 = Release|Any CPU
		{9E533F32-D76B-416A-AF4C-4F0043B0E839}.Debug|Any CPU.ActiveCfg = Debug|Any CPU
		{9E533F32-D76B-416A-AF4C-4F0043B0E839}.Debug|Any CPU.Build.0 = Debug|Any CPU
		{9E533F32-D76B-416A-AF4C-4F0043B0E839}.Release|Any CPU.ActiveCfg = Release|Any CPU
		{9E533F32-D76B-416A-AF4C-4F0043B0E839}.Release|Any CPU.Build.0 = Release|Any CPU
		{63094A75-DF0F-4B93-ADC4-F96DA9D40AC1}.Debug|Any CPU.ActiveCfg = Debug|Any CPU
		{63094A75-DF0F-4B93-ADC4-F96DA9D40AC1}.Debug|Any CPU.Build.0 = Debug|Any CPU
		{63094A75-DF0F-4B93-ADC4-F96DA9D40AC1}.Release|Any CPU.ActiveCfg = Release|Any CPU
		{63094A75-DF0F-4B93-ADC4-F96DA9D40AC1}.Release|Any CPU.Build.0 = Release|Any CPU
		{F02C71B1-82AA-8A93-4A14-F1244C0E1B1D}.Debug|Any CPU.ActiveCfg = Debug|Any CPU
		{F02C71B1-82AA-8A93-4A14-F1244C0E1B1D}.Debug|Any CPU.Build.0 = Debug|Any CPU
		{F02C71B1-82AA-8A93-4A14-F1244C0E1B1D}.Release|Any CPU.ActiveCfg = Release|Any CPU
		{F02C71B1-82AA-8A93-4A14-F1244C0E1B1D}.Release|Any CPU.Build.0 = Release|Any CPU
	EndGlobalSection
	GlobalSection(SolutionProperties) = preSolution
		HideSolutionNode = FALSE
	EndGlobalSection
	GlobalSection(ExtensibilityGlobals) = postSolution
		SolutionGuid = {4C0FBAC5-F4FA-4321-A738-9D43057B4AE0}
	EndGlobalSection
EndGlobal
